// !$*UTF8*$!
{
	archiveVersion = 1;
	classes = {
	};
	objectVersion = 50;
	objects = {

/* Begin PBXBuildFile section */
		D54C2AA325AB1A4C00F998D4 /* AppDelegate.swift in Sources */ = {isa = PBXBuildFile; fileRef = D54C2AA225AB1A4C00F998D4 /* AppDelegate.swift */; };
		D54C2AA525AB1A4C00F998D4 /* SceneDelegate.swift in Sources */ = {isa = PBXBuildFile; fileRef = D54C2AA425AB1A4C00F998D4 /* SceneDelegate.swift */; };
		D54C2AA725AB1A4C00F998D4 /* ViewController.swift in Sources */ = {isa = PBXBuildFile; fileRef = D54C2AA625AB1A4C00F998D4 /* ViewController.swift */; };
		D54C2AAA25AB1A4C00F998D4 /* Main.storyboard in Resources */ = {isa = PBXBuildFile; fileRef = D54C2AA825AB1A4C00F998D4 /* Main.storyboard */; };
		D54C2AAC25AB1A4D00F998D4 /* Assets.xcassets in Resources */ = {isa = PBXBuildFile; fileRef = D54C2AAB25AB1A4D00F998D4 /* Assets.xcassets */; };
		D54C2AAF25AB1A4D00F998D4 /* LaunchScreen.storyboard in Resources */ = {isa = PBXBuildFile; fileRef = D54C2AAD25AB1A4D00F998D4 /* LaunchScreen.storyboard */; };
		D54C2AB925AB2CE100F998D4 /* byteCoinManger.swift in Sources */ = {isa = PBXBuildFile; fileRef = D54C2AB825AB2CE100F998D4 /* byteCoinManger.swift */; };
		D54C2ABB25AB372400F998D4 /* BtsData.swift in Sources */ = {isa = PBXBuildFile; fileRef = D54C2ABA25AB372400F998D4 /* BtsData.swift */; };
/* End PBXBuildFile section */

/* Begin PBXFileReference section */
		D54C2A9F25AB1A4C00F998D4 /* byteCoinConverter.app */ = {isa = PBXFileReference; explicitFileType = wrapper.application; includeInIndex = 0; path = byteCoinConverter.app; sourceTree = BUILT_PRODUCTS_DIR; };
		D54C2AA225AB1A4C00F998D4 /* AppDelegate.swift */ = {isa = PBXFileReference; lastKnownFileType = sourcecode.swift; path = AppDelegate.swift; sourceTree = "<group>"; };
		D54C2AA425AB1A4C00F998D4 /* SceneDelegate.swift */ = {isa = PBXFileReference; lastKnownFileType = sourcecode.swift; path = SceneDelegate.swift; sourceTree = "<group>"; };
		D54C2AA625AB1A4C00F998D4 /* ViewController.swift */ = {isa = PBXFileReference; lastKnownFileType = sourcecode.swift; path = ViewController.swift; sourceTree = "<group>"; };
		D54C2AA925AB1A4C00F998D4 /* Base */ = {isa = PBXFileReference; lastKnownFileType = file.storyboard; name = Base; path = Base.lproj/Main.storyboard; sourceTree = "<group>"; };
		D54C2AAB25AB1A4D00F998D4 /* Assets.xcassets */ = {isa = PBXFileReference; lastKnownFileType = folder.assetcatalog; path = Assets.xcassets; sourceTree = "<group>"; };
		D54C2AAE25AB1A4D00F998D4 /* Base */ = {isa = PBXFileReference; lastKnownFileType = file.storyboard; name = Base; path = Base.lproj/LaunchScreen.storyboard; sourceTree = "<group>"; };
		D54C2AB025AB1A4D00F998D4 /* Info.plist */ = {isa = PBXFileReference; lastKnownFileType = text.plist.xml; path = Info.plist; sourceTree = "<group>"; };
		D54C2AB825AB2CE100F998D4 /* byteCoinManger.swift */ = {isa = PBXFileReference; lastKnownFileType = sourcecode.swift; path = byteCoinManger.swift; sourceTree = "<group>"; };
		D54C2ABA25AB372400F998D4 /* BtsData.swift */ = {isa = PBXFileReference; lastKnownFileType = sourcecode.swift; path = BtsData.swift; sourceTree = "<group>"; };
/* End PBXFileReference section */

/* Begin PBXFrameworksBuildPhase section */
		D54C2A9C25AB1A4C00F998D4 /* Frameworks */ = {
			isa = PBXFrameworksBuildPhase;
			buildActionMask = 2147483647;
			files = (
			);
			runOnlyForDeploymentPostprocessing = 0;
		};
/* End PBXFrameworksBuildPhase section */

/* Begin PBXGroup section */
		D54C2A9625AB1A4C00F998D4 = {
			isa = PBXGroup;
			children = (
				D54C2AA125AB1A4C00F998D4 /* byteCoinConverter */,
				D54C2AA025AB1A4C00F998D4 /* Products */,
			);
			sourceTree = "<group>";
		};
		D54C2AA025AB1A4C00F998D4 /* Products */ = {
			isa = PBXGroup;
			children = (
				D54C2A9F25AB1A4C00F998D4 /* byteCoinConverter.app */,
			);
			name = Products;
			sourceTree = "<group>";
		};
		D54C2AA125AB1A4C00F998D4 /* byteCoinConverter */ = {
			isa = PBXGroup;
			children = (
				D54C2AB725AB2C9700F998D4 /* manger */,
				D54C2AA225AB1A4C00F998D4 /* AppDelegate.swift */,
				D54C2AA425AB1A4C00F998D4 /* SceneDelegate.swift */,
				D54C2AA625AB1A4C00F998D4 /* ViewController.swift */,
				D54C2AA825AB1A4C00F998D4 /* Main.storyboard */,
				D54C2AAB25AB1A4D00F998D4 /* Assets.xcassets */,
				D54C2AAD25AB1A4D00F998D4 /* LaunchScreen.storyboard */,
				D54C2AB025AB1A4D00F998D4 /* Info.plist */,
			);
			path = byteCoinConverter;
			sourceTree = "<group>";
		};
		D54C2AB725AB2C9700F998D4 /* manger */ = {
			isa = PBXGroup;
			children = (
				D54C2AB825AB2CE100F998D4 /* byteCoinManger.swift */,
				D54C2ABA25AB372400F998D4 /* BtsData.swift */,
			);
			path = manger;
			sourceTree = "<group>";
		};
/* End PBXGroup section */

/* Begin PBXNativeTarget section */
		D54C2A9E25AB1A4C00F998D4 /* byteCoinConverter */ = {
			isa = PBXNativeTarget;
			buildConfigurationList = D54C2AB325AB1A4D00F998D4 /* Build configuration list for PBXNativeTarget "byteCoinConverter" */;
			buildPhases = (
				D54C2A9B25AB1A4C00F998D4 /* Sources */,
				D54C2A9C25AB1A4C00F998D4 /* Frameworks */,
				D54C2A9D25AB1A4C00F998D4 /* Resources */,
			);
			buildRules = (
			);
			dependencies = (
			);
			name = byteCoinConverter;
			productName = byteCoinConverter;
			productReference = D54C2A9F25AB1A4C00F998D4 /* byteCoinConverter.app */;
			productType = "com.apple.product-type.application";
		};
/* End PBXNativeTarget section */

/* Begin PBXProject section */
		D54C2A9725AB1A4C00F998D4 /* Project object */ = {
			isa = PBXProject;
			attributes = {
				LastSwiftUpdateCheck = 1160;
				LastUpgradeCheck = 1160;
				ORGANIZATIONNAME = qenawi;
				TargetAttributes = {
					D54C2A9E25AB1A4C00F998D4 = {
						CreatedOnToolsVersion = 11.6;
					};
				};
			};
			buildConfigurationList = D54C2A9A25AB1A4C00F998D4 /* Build configuration list for PBXProject "byteCoinConverter" */;
			compatibilityVersion = "Xcode 9.3";
			developmentRegion = en;
			hasScannedForEncodings = 0;
			knownRegions = (
				en,
				Base,
			);
			mainGroup = D54C2A9625AB1A4C00F998D4;
			productRefGroup = D54C2AA025AB1A4C00F998D4 /* Products */;
			projectDirPath = "";
			projectRoot = "";
			targets = (
				D54C2A9E25AB1A4C00F998D4 /* byteCoinConverter */,
			);
		};
/* End PBXProject section */

/* Begin PBXResourcesBuildPhase section */
		D54C2A9D25AB1A4C00F998D4 /* Resources */ = {
			isa = PBXResourcesBuildPhase;
			buildActionMask = 2147483647;
			files = (
				D54C2AAF25AB1A4D00F998D4 /* LaunchScreen.storyboard in Resources */,
				D54C2AAC25AB1A4D00F998D4 /* Assets.xcassets in Resources */,
				D54C2AAA25AB1A4C00F998D4 /* Main.storyboard in Resources */,
			);
			runOnlyForDeploymentPostprocessing = 0;
		};
/* End PBXResourcesBuildPhase section */

/* Begin PBXSourcesBuildPhase section */
		D54C2A9B25AB1A4C00F998D4 /* Sources */ = {
			isa = PBXSourcesBuildPhase;
			buildActionMask = 2147483647;
			files = (
				D54C2AA725AB1A4C00F998D4 /* ViewController.swift in Sources */,
				D54C2AA325AB1A4C00F998D4 /* AppDelegate.swift in Sources */,
				D54C2AB925AB2CE100F998D4 /* byteCoinManger.swift in Sources */,
				D54C2AA525AB1A4C00F998D4 /* SceneDelegate.swift in Sources */,
				D54C2ABB25AB372400F998D4 /* BtsData.swift in Sources */,
			);
			runOnlyForDeploymentPostprocessing = 0;
		};
/* End PBXSourcesBuildPhase section */

/* Begin PBXVariantGroup section */
		D54C2AA825AB1A4C00F998D4 /* Main.storyboard */ = {
			isa = PBXVariantGroup;
			children = (
				D54C2AA925AB1A4C00F998D4 /* Base */,
			);
			name = Main.storyboard;
			sourceTree = "<group>";
		};
		D54C2AAD25AB1A4D00F998D4 /* LaunchScreen.storyboard */ = {
			isa = PBXVariantGroup;
			children = (
				D54C2AAE25AB1A4D00F998D4 /* Base */,
			);
			name = LaunchScreen.storyboard;
			sourceTree = "<group>";
		};
/* End PBXVariantGroup section */

/* Begin XCBuildConfiguration section */
		D54C2AB125AB1A4D00F998D4 /* Debug */ = {
			isa = XCBuildConfiguration;
			buildSettings = {
				ALWAYS_SEARCH_USER_PATHS = NO;
				CLANG_ANALYZER_NONNULL = YES;
				CLANG_ANALYZER_NUMBER_OBJECT_CONVERSION = YES_AGGRESSIVE;
				CLANG_CXX_LANGUAGE_STANDARD = "gnu++14";
				CLANG_CXX_LIBRARY = "libc++";
				CLANG_ENABLE_MODULES = YES;
				CLANG_ENABLE_OBJC_ARC = YES;
				CLANG_ENABLE_OBJC_WEAK = YES;
				CLANG_WARN_BLOCK_CAPTURE_AUTORELEASING = YES;
				CLANG_WARN_BOOL_CONVERSION = YES;
				CLANG_WARN_COMMA = YES;
				CLANG_WARN_CONSTANT_CONVERSION = YES;
				CLANG_WARN_DEPRECATED_OBJC_IMPLEMENTATIONS = YES;
				CLANG_WARN_DIRECT_OBJC_ISA_USAGE = YES_ERROR;
				CLANG_WARN_DOCUMENTATION_COMMENTS = YES;
				CLANG_WARN_EMPTY_BODY = YES;
				CLANG_WARN_ENUM_CONVERSION = YES;
				CLANG_WARN_INFINITE_RECURSION = YES;
				CLANG_WARN_INT_CONVERSION = YES;
				CLANG_WARN_NON_LITERAL_NULL_CONVERSION = YES;
				CLANG_WARN_OBJC_IMPLICIT_RETAIN_SELF = YES;
				CLANG_WARN_OBJC_LITERAL_CONVERSION = YES;
				CLANG_WARN_OBJC_ROOT_CLASS = YES_ERROR;
				CLANG_WARN_RANGE_LOOP_ANALYSIS = YES;
				CLANG_WARN_STRICT_PROTOTYPES = YES;
				CLANG_WARN_SUSPICIOUS_MOVE = YES;
				CLANG_WARN_UNGUARDED_AVAILABILITY = YES_AGGRESSIVE;
				CLANG_WARN_UNREACHABLE_CODE = YES;
				CLANG_WARN__DUPLICATE_METHOD_MATCH = YES;
				COPY_PHASE_STRIP = NO;
				DEBUG_INFORMATION_FORMAT = dwarf;
				ENABLE_STRICT_OBJC_MSGSEND = YES;
				ENABLE_TESTABILITY = YES;
				GCC_C_LANGUAGE_STANDARD = gnu11;
				GCC_DYNAMIC_NO_PIC = NO;
				GCC_NO_COMMON_BLOCKS = YES;
				GCC_OPTIMIZATION_LEVEL = 0;
				GCC_PREPROCESSOR_DEFINITIONS = (
					"DEBUG=1",
					"$(inherited)",
				);
				GCC_WARN_64_TO_32_BIT_CONVERSION = YES;
				GCC_WARN_ABOUT_RETURN_TYPE = YES_ERROR;
				GCC_WARN_UNDECLARED_SELECTOR = YES;
				GCC_WARN_UNINITIALIZED_AUTOS = YES_AGGRESSIVE;
				GCC_WARN_UNUSED_FUNCTION = YES;
				GCC_WARN_UNUSED_VARIABLE = YES;
				IPHONEOS_DEPLOYMENT_TARGET = 13.6;
				MTL_ENABLE_DEBUG_INFO = INCLUDE_SOURCE;
				MTL_FAST_MATH = YES;
				ONLY_ACTIVE_ARCH = YES;
				SDKROOT = iphoneos;
				SWIFT_ACTIVE_COMPILATION_CONDITIONS = DEBUG;
				SWIFT_OPTIMIZATION_LEVEL = "-Onone";
			};
			name = Debug;
		};
		D54C2AB225AB1A4D00F998D4 /* Release */ = {
			isa = XCBuildConfiguration;
			buildSettings = {
				ALWAYS_SEARCH_USER_PATHS = NO;
				CLANG_ANALYZER_NONNULL = YES;
				CLANG_ANALYZER_NUMBER_OBJECT_CONVERSION = YES_AGGRESSIVE;
				CLANG_CXX_LANGUAGE_STANDARD = "gnu++14";
				CLANG_CXX_LIBRARY = "libc++";
				CLANG_ENABLE_MODULES = YES;
				CLANG_ENABLE_OBJC_ARC = YES;
				CLANG_ENABLE_OBJC_WEAK = YES;
				CLANG_WARN_BLOCK_CAPTURE_AUTORELEASING = YES;
				CLANG_WARN_BOOL_CONVERSION = YES;
				CLANG_WARN_COMMA = YES;
				CLANG_WARN_CONSTANT_CONVERSION = YES;
				CLANG_WARN_DEPRECATED_OBJC_IMPLEMENTATIONS = YES;
				CLANG_WARN_DIRECT_OBJC_ISA_USAGE = YES_ERROR;
				CLANG_WARN_DOCUMENTATION_COMMENTS = YES;
				CLANG_WARN_EMPTY_BODY = YES;
				CLANG_WARN_ENUM_CONVERSION = YES;
				CLANG_WARN_INFINITE_RECURSION = YES;
				CLANG_WARN_INT_CONVERSION = YES;
				CLANG_WARN_NON_LITERAL_NULL_CONVERSION = YES;
				CLANG_WARN_OBJC_IMPLICIT_RETAIN_SELF = YES;
				CLANG_WARN_OBJC_LITERAL_CONVERSION = YES;
				CLANG_WARN_OBJC_ROOT_CLASS = YES_ERROR;
				CLANG_WARN_RANGE_LOOP_ANALYSIS = YES;
				CLANG_WARN_STRICT_PROTOTYPES = YES;
				CLANG_WARN_SUSPICIOUS_MOVE = YES;
				CLANG_WARN_UNGUARDED_AVAILABILITY = YES_AGGRESSIVE;
				CLANG_WARN_UNREACHABLE_CODE = YES;
				CLANG_WARN__DUPLICATE_METHOD_MATCH = YES;
				COPY_PHASE_STRIP = NO;
				DEBUG_INFORMATION_FORMAT = "dwarf-with-dsym";
				ENABLE_NS_ASSERTIONS = NO;
				ENABLE_STRICT_OBJC_MSGSEND = YES;
				GCC_C_LANGUAGE_STANDARD = gnu11;
				GCC_NO_COMMON_BLOCKS = YES;
				GCC_WARN_64_TO_32_BIT_CONVERSION = YES;
				GCC_WARN_ABOUT_RETURN_TYPE = YES_ERROR;
				GCC_WARN_UNDECLARED_SELECTOR = YES;
				GCC_WARN_UNINITIALIZED_AUTOS = YES_AGGRESSIVE;
				GCC_WARN_UNUSED_FUNCTION = YES;
				GCC_WARN_UNUSED_VARIABLE = YES;
				IPHONEOS_DEPLOYMENT_TARGET = 13.6;
				MTL_ENABLE_DEBUG_INFO = NO;
				MTL_FAST_MATH = YES;
				SDKROOT = iphoneos;
				SWIFT_COMPILATION_MODE = wholemodule;
				SWIFT_OPTIMIZATION_LEVEL = "-O";
				VALIDATE_PRODUCT = YES;
			};
			name = Release;
		};
		D54C2AB425AB1A4D00F998D4 /* Debug */ = {
			isa = XCBuildConfiguration;
			buildSettings = {
				ASSETCATALOG_COMPILER_APPICON_NAME = AppIcon;
				CODE_SIGN_STYLE = Automatic;
				DEVELOPMENT_TEAM = 6H22XB43SQ;
				INFOPLIST_FILE = byteCoinConverter/Info.plist;
				LD_RUNPATH_SEARCH_PATHS = (
					"$(inherited)",
					"@executable_path/Frameworks",
				);
				PRODUCT_BUNDLE_IDENTIFIER = unicorn.byteCoinConverter;
				PRODUCT_NAME = "$(TARGET_NAME)";
				SWIFT_VERSION = 5.0;
				TARGETED_DEVICE_FAMILY = "1,2";
			};
			name = Debug;
		};
		D54C2AB525AB1A4D00F998D4 /* Release */ = {
			isa = XCBuildConfiguration;
			buildSettings = {
				ASSETCATALOG_COMPILER_APPICON_NAME = AppIcon;
				CODE_SIGN_STYLE = Automatic;
				DEVELOPMENT_TEAM = 6H22XB43SQ;
				INFOPLIST_FILE = byteCoinConverter/Info.plist;
				LD_RUNPATH_SEARCH_PATHS = (
					"$(inherited)",
					"@executable_path/Frameworks",
				);
				PRODUCT_BUNDLE_IDENTIFIER = unicorn.byteCoinConverter;
				PRODUCT_NAME = "$(TARGET_NAME)";
				SWIFT_VERSION = 5.0;
				TARGETED_DEVICE_FAMILY = "1,2";
			};
			name = Release;
		};
/* End XCBuildConfiguration section */

/* Begin XCConfigurationList section */
		D54C2A9A25AB1A4C00F998D4 /* Build configuration list for PBXProject "byteCoinConverter" */ = {
			isa = XCConfigurationList;
			buildConfigurations = (
				D54C2AB125AB1A4D00F998D4 /* Debug */,
				D54C2AB225AB1A4D00F998D4 /* Release */,
			);
			defaultConfigurationIsVisible = 0;
			defaultConfigurationName = Release;
		};
		D54C2AB325AB1A4D00F998D4 /* Build configuration list for PBXNativeTarget "byteCoinConverter" */ = {
			isa = XCConfigurationList;
			buildConfigurations = (
				D54C2AB425AB1A4D00F998D4 /* Debug */,
				D54C2AB525AB1A4D00F998D4 /* Release */,
			);
			defaultConfigurationIsVisible = 0;
			defaultConfigurationName = Release;
		};
/* End XCConfigurationList section */
	};
	rootObject = D54C2A9725AB1A4C00F998D4 /* Project object */;
}
